// !$*UTF8*$!
{
	archiveVersion = 1;
	classes = {
	};
	objectVersion = 46;
	objects = {

/* Begin PBXBuildFile section */
		D3FF37FF1C20FF620071E4BF /* AppDelegate.swift in Sources */ = {isa = PBXBuildFile; fileRef = D3FF37FE1C20FF620071E4BF /* AppDelegate.swift */; };
		D3FF38011C20FF620071E4BF /* ViewController.swift in Sources */ = {isa = PBXBuildFile; fileRef = D3FF38001C20FF620071E4BF /* ViewController.swift */; };
		D3FF38041C20FF620071E4BF /* Main.storyboard in Resources */ = {isa = PBXBuildFile; fileRef = D3FF38021C20FF620071E4BF /* Main.storyboard */; };
		D3FF38061C20FF630071E4BF /* Assets.xcassets in Resources */ = {isa = PBXBuildFile; fileRef = D3FF38051C20FF630071E4BF /* Assets.xcassets */; };
		D3FF38091C20FF630071E4BF /* LaunchScreen.storyboard in Resources */ = {isa = PBXBuildFile; fileRef = D3FF38071C20FF630071E4BF /* LaunchScreen.storyboard */; };
/* End PBXBuildFile section */

/* Begin PBXFileReference section */
		D3FF37FB1C20FF620071E4BF /* TestMySwift.app */ = {isa = PBXFileReference; explicitFileType = wrapper.application; includeInIndex = 0; path = TestMySwift.app; sourceTree = BUILT_PRODUCTS_DIR; };
		D3FF37FE1C20FF620071E4BF /* AppDelegate.swift */ = {isa = PBXFileReference; lastKnownFileType = sourcecode.swift; path = AppDelegate.swift; sourceTree = "<group>"; };
		D3FF38001C20FF620071E4BF /* ViewController.swift */ = {isa = PBXFileReference; lastKnownFileType = sourcecode.swift; path = ViewController.swift; sourceTree = "<group>"; };
		D3FF38031C20FF620071E4BF /* Base */ = {isa = PBXFileReference; lastKnownFileType = file.storyboard; name = Base; path = Base.lproj/Main.storyboard; sourceTree = "<group>"; };
		D3FF38051C20FF630071E4BF /* Assets.xcassets */ = {isa = PBXFileReference; lastKnownFileType = folder.assetcatalog; path = Assets.xcassets; sourceTree = "<group>"; };
		D3FF38081C20FF630071E4BF /* Base */ = {isa = PBXFileReference; lastKnownFileType = file.storyboard; name = Base; path = Base.lproj/LaunchScreen.storyboard; sourceTree = "<group>"; };
		D3FF380A1C20FF630071E4BF /* Info.plist */ = {isa = PBXFileReference; lastKnownFileType = text.plist.xml; path = Info.plist; sourceTree = "<group>"; };
/* End PBXFileReference section */

/* Begin PBXFrameworksBuildPhase section */
		D3FF37F81C20FF620071E4BF /* Frameworks */ = {
			isa = PBXFrameworksBuildPhase;
			buildActionMask = 2147483647;
			files = (
			);
			runOnlyForDeploymentPostprocessing = 0;
		};
/* End PBXFrameworksBuildPhase section */

/* Begin PBXGroup section */
		D3FF37F21C20FF620071E4BF = {
			isa = PBXGroup;
			children = (
				D3FF37FD1C20FF620071E4BF /* TestMySwift */,
				D3FF37FC1C20FF620071E4BF /* Products */,
			);
			sourceTree = "<group>";
		};
		D3FF37FC1C20FF620071E4BF /* Products */ = {
			isa = PBXGroup;
			children = (
				D3FF37FB1C20FF620071E4BF /* TestMySwift.app */,
			);
			name = Products;
			sourceTree = "<group>";
		};
		D3FF37FD1C20FF620071E4BF /* TestMySwift */ = {
			isa = PBXGroup;
			children = (
				D3FF37FE1C20FF620071E4BF /* AppDelegate.swift */,
				D3FF38001C20FF620071E4BF /* ViewController.swift */,
				D3FF38021C20FF620071E4BF /* Main.storyboard */,
				D3FF38051C20FF630071E4BF /* Assets.xcassets */,
				D3FF38071C20FF630071E4BF /* LaunchScreen.storyboard */,
				D3FF380A1C20FF630071E4BF /* Info.plist */,
			);
			path = TestMySwift;
			sourceTree = "<group>";
		};
/* End PBXGroup section */

/* Begin PBXNativeTarget section */
		D3FF37FA1C20FF620071E4BF /* TestMySwift */ = {
			isa = PBXNativeTarget;
			buildConfigurationList = D3FF380D1C20FF630071E4BF /* Build configuration list for PBXNativeTarget "TestMySwift" */;
			buildPhases = (
				D3FF37F71C20FF620071E4BF /* Sources */,
				D3FF37F81C20FF620071E4BF /* Frameworks */,
				D3FF37F91C20FF620071E4BF /* Resources */,
			);
			buildRules = (
			);
			dependencies = (
			);
			name = TestMySwift;
			productName = TestMySwift;
			productReference = D3FF37FB1C20FF620071E4BF /* TestMySwift.app */;
			productType = "com.apple.product-type.application";
		};
/* End PBXNativeTarget section */

/* Begin PBXProject section */
		D3FF37F31C20FF620071E4BF /* Project object */ = {
			isa = PBXProject;
			attributes = {
				LastSwiftUpdateCheck = 0710;
				LastUpgradeCheck = 0710;
				ORGANIZATIONNAME = 3ti;
				TargetAttributes = {
					D3FF37FA1C20FF620071E4BF = {
						CreatedOnToolsVersion = 7.1.1;
					};
				};
			};
			buildConfigurationList = D3FF37F61C20FF620071E4BF /* Build configuration list for PBXProject "TestMySwift" */;
			compatibilityVersion = "Xcode 3.2";
			developmentRegion = English;
			hasScannedForEncodings = 0;
			knownRegions = (
				en,
				Base,
			);
			mainGroup = D3FF37F21C20FF620071E4BF;
			productRefGroup = D3FF37FC1C20FF620071E4BF /* Products */;
			projectDirPath = "";
			projectRoot = "";
			targets = (
				D3FF37FA1C20FF620071E4BF /* TestMySwift */,
			);
		};
/* End PBXProject section */

/* Begin PBXResourcesBuildPhase section */
		D3FF37F91C20FF620071E4BF /* Resources */ = {
			isa = PBXResourcesBuildPhase;
			buildActionMask = 2147483647;
			files = (
				D3FF38091C20FF630071E4BF /* LaunchScreen.storyboard in Resources */,
				D3FF38061C20FF630071E4BF /* Assets.xcassets in Resources */,
				D3FF38041C20FF620071E4BF /* Main.storyboard in Resources */,
			);
			runOnlyForDeploymentPostprocessing = 0;
		};
/* End PBXResourcesBuildPhase section */

/* Begin PBXSourcesBuildPhase section */
		D3FF37F71C20FF620071E4BF /* Sources */ = {
			isa = PBXSourcesBuildPhase;
			buildActionMask = 2147483647;
			files = (
				D3FF38011C20FF620071E4BF /* ViewController.swift in Sources */,
				D3FF37FF1C20FF620071E4BF /* AppDelegate.swift in Sources */,
			);
			runOnlyForDeploymentPostprocessing = 0;
		};
/* End PBXSourcesBuildPhase section */

/* Begin PBXVariantGroup section */
		D3FF38021C20FF620071E4BF /* Main.storyboard */ = {
			isa = PBXVariantGroup;
			children = (
				D3FF38031C20FF620071E4BF /* Base */,
			);
			name = Main.storyboard;
			sourceTree = "<group>";
		};
		D3FF38071C20FF630071E4BF /* LaunchScreen.storyboard */ = {
			isa = PBXVariantGroup;
			children = (
				D3FF38081C20FF630071E4BF /* Base */,
			);
			name = LaunchScreen.storyboard;
			sourceTree = "<group>";
		};
/* End PBXVariantGroup section */

/* Begin XCBuildConfiguration section */
		D3FF380B1C20FF630071E4BF /* Debug */ = {
			isa = XCBuildConfiguration;
			buildSettings = {
				ALWAYS_SEARCH_USER_PATHS = NO;
				CLANG_CXX_LANGUAGE_STANDARD = "gnu++0x";
				CLANG_CXX_LIBRARY = "libc++";
				CLANG_ENABLE_MODULES = YES;
				CLANG_ENABLE_OBJC_ARC = YES;
				CLANG_WARN_BOOL_CONVERSION = YES;
				CLANG_WARN_CONSTANT_CONVERSION = YES;
				CLANG_WARN_DIRECT_OBJC_ISA_USAGE = YES_ERROR;
				CLANG_WARN_EMPTY_BODY = YES;
				CLANG_WARN_ENUM_CONVERSION = YES;
				CLANG_WARN_INT_CONVERSION = YES;
				CLANG_WARN_OBJC_ROOT_CLASS = YES_ERROR;
				CLANG_WARN_UNREACHABLE_CODE = YES;
				CLANG_WARN__DUPLICATE_METHOD_MATCH = YES;
				"CODE_SIGN_IDENTITY[sdk=iphoneos*]" = "iPhone Developer";
				COPY_PHASE_STRIP = NO;
				DEBUG_INFORMATION_FORMAT = dwarf;
				ENABLE_STRICT_OBJC_MSGSEND = YES;
				ENABLE_TESTABILITY = YES;
				GCC_C_LANGUAGE_STANDARD = gnu99;
				GCC_DYNAMIC_NO_PIC = NO;
				GCC_NO_COMMON_BLOCKS = YES;
				GCC_OPTIMIZATION_LEVEL = 0;
				GCC_PREPROCESSOR_DEFINITIONS = (
					"DEBUG=1",
					"$(inherited)",
				);
				GCC_WARN_64_TO_32_BIT_CONVERSION = YES;
				GCC_WARN_ABOUT_RETURN_TYPE = YES_ERROR;
				GCC_WARN_UNDECLARED_SELECTOR = YES;
				GCC_WARN_UNINITIALIZED_AUTOS = YES_AGGRESSIVE;
				GCC_WARN_UNUSED_FUNCTION = YES;
				GCC_WARN_UNUSED_VARIABLE = YES;
				IPHONEOS_DEPLOYMENT_TARGET = 9.1;
				MTL_ENABLE_DEBUG_INFO = YES;
				ONLY_ACTIVE_ARCH = YES;
				SDKROOT = iphoneos;
				SWIFT_OPTIMIZATION_LEVEL = "-Onone";
				TARGETED_DEVICE_FAMILY = "1,2";
			};
			name = Debug;
		};
		D3FF380C1C20FF630071E4BF /* Release */ = {
			isa = XCBuildConfiguration;
			buildSettings = {
				ALWAYS_SEARCH_USER_PATHS = NO;
				CLANG_CXX_LANGUAGE_STANDARD = "gnu++0x";
				CLANG_CXX_LIBRARY = "libc++";
				CLANG_ENABLE_MODULES = YES;
				CLANG_ENABLE_OBJC_ARC = YES;
				CLANG_WARN_BOOL_CONVERSION = YES;
				CLANG_WARN_CONSTANT_CONVERSION = YES;
				CLANG_WARN_DIRECT_OBJC_ISA_USAGE = YES_ERROR;
				CLANG_WARN_EMPTY_BODY = YES;
				CLANG_WARN_ENUM_CONVERSION = YES;
				CLANG_WARN_INT_CONVERSION = YES;
				CLANG_WARN_OBJC_ROOT_CLASS = YES_ERROR;
				CLANG_WARN_UNREACHABLE_CODE = YES;
				CLANG_WARN__DUPLICATE_METHOD_MATCH = YES;
				"CODE_SIGN_IDENTITY[sdk=iphoneos*]" = "iPhone Developer";
				COPY_PHASE_STRIP = NO;
				DEBUG_INFORMATION_FORMAT = "dwarf-with-dsym";
				ENABLE_NS_ASSERTIONS = NO;
				ENABLE_STRICT_OBJC_MSGSEND = YES;
				GCC_C_LANGUAGE_STANDARD = gnu99;
				GCC_NO_COMMON_BLOCKS = YES;
				GCC_WARN_64_TO_32_BIT_CONVERSION = YES;
				GCC_WARN_ABOUT_RETURN_TYPE = YES_ERROR;
				GCC_WARN_UNDECLARED_SELECTOR = YES;
				GCC_WARN_UNINITIALIZED_AUTOS = YES_AGGRESSIVE;
				GCC_WARN_UNUSED_FUNCTION = YES;
				GCC_WARN_UNUSED_VARIABLE = YES;
				IPHONEOS_DEPLOYMENT_TARGET = 9.1;
				MTL_ENABLE_DEBUG_INFO = NO;
				SDKROOT = iphoneos;
				TARGETED_DEVICE_FAMILY = "1,2";
				VALIDATE_PRODUCT = YES;
			};
			name = Release;
		};
		D3FF380E1C20FF630071E4BF /* Debug */ = {
			isa = XCBuildConfiguration;
			buildSettings = {
				ASSETCATALOG_COMPILER_APPICON_NAME = AppIcon;
				INFOPLIST_FILE = TestMySwift/Info.plist;
				LD_RUNPATH_SEARCH_PATHS = "$(inherited) @executable_path/Frameworks";
				PRODUCT_BUNDLE_IDENTIFIER = "-ti.TestMySwift";
				PRODUCT_NAME = "$(TARGET_NAME)";
			};
			name = Debug;
		};
		D3FF380F1C20FF630071E4BF /* Release */ = {
			isa = XCBuildConfiguration;
			buildSettings = {
				ASSETCATALOG_COMPILER_APPICON_NAME = AppIcon;
				INFOPLIST_FILE = TestMySwift/Info.plist;
				LD_RUNPATH_SEARCH_PATHS = "$(inherited) @executable_path/Frameworks";
				PRODUCT_BUNDLE_IDENTIFIER = "-ti.TestMySwift";
				PRODUCT_NAME = "$(TARGET_NAME)";
			};
			name = Release;
		};
/* End XCBuildConfiguration section */

/* Begin XCConfigurationList section */
		D3FF37F61C20FF620071E4BF /* Build configuration list for PBXProject "TestMySwift" */ = {
			isa = XCConfigurationList;
			buildConfigurations = (
				D3FF380B1C20FF630071E4BF /* Debug */,
				D3FF380C1C20FF630071E4BF /* Release */,
			);
			defaultConfigurationIsVisible = 0;
			defaultConfigurationName = Release;
		};
		D3FF380D1C20FF630071E4BF /* Build configuration list for PBXNativeTarget "TestMySwift" */ = {
			isa = XCConfigurationList;
			buildConfigurations = (
				D3FF380E1C20FF630071E4BF /* Debug */,
				D3FF380F1C20FF630071E4BF /* Release */,
			);
			defaultConfigurationIsVisible = 0;
		};
/* End XCConfigurationList section */
	};
	rootObject = D3FF37F31C20FF620071E4BF /* Project object */;
}
